
Microsoft Visual Studio Solution File, Format Version 12.00
# Visual Studio Version 16
VisualStudioVersion = 16.0.30709.132
MinimumVisualStudioVersion = 10.0.40219.1
Project("{2150E333-8FDC-42A3-9474-1A3956D46DE8}") = "Services", "Services", "{EF8A8A4A-FFC3-489A-89B2-A82BF6799477}"
EndProject
Project("{2150E333-8FDC-42A3-9474-1A3956D46DE8}") = "Catalog", "Catalog", "{A5570C95-93D1-441F-B9D4-858227C29CC6}"
EndProject
Project("{2150E333-8FDC-42A3-9474-1A3956D46DE8}") = "Basket", "Basket", "{60F3ACDD-B7FD-4637-833C-C6530F38471C}"
EndProject
Project("{2150E333-8FDC-42A3-9474-1A3956D46DE8}") = "Ordering", "Ordering", "{007A8F2C-D8E4-4A87-BA29-920980213F42}"
EndProject
Project("{2150E333-8FDC-42A3-9474-1A3956D46DE8}") = "Identity", "Identity", "{62D0760E-789C-40B7-AA4C-E5514150D8B3}"
EndProject
Project("{2150E333-8FDC-42A3-9474-1A3956D46DE8}") = "Payment", "Payment", "{BF2CC37F-C4E3-49A2-867E-B035EEB3A5D7}"
EndProject
Project("{2150E333-8FDC-42A3-9474-1A3956D46DE8}") = "Web", "Web", "{9178F07E-AD78-4935-BEB7-7B19921C6BD3}"
EndProject
Project("{2150E333-8FDC-42A3-9474-1A3956D46DE8}") = "WebSPA", "WebSPA", "{22C526ED-CC31-4F3C-B112-31B165D61AA5}"
EndProject
Project("{2150E333-8FDC-42A3-9474-1A3956D46DE8}") = "BuildingBlocks", "BuildingBlocks", "{31ECCBAC-B98C-4A48-AD5D-781B6C73B056}"
EndProject
Project("{2150E333-8FDC-42A3-9474-1A3956D46DE8}") = "EventBus", "EventBus", "{C4995532-7106-4E34-9E4B-FA8C6B7852CD}"
EndProject
Project("{2150E333-8FDC-42A3-9474-1A3956D46DE8}") = "ApiGateways", "ApiGateways", "{4CBEA86A-9995-439D-B321-4EF0073EF585}"
EndProject
Project("{2150E333-8FDC-42A3-9474-1A3956D46DE8}") = "Web.Bff.Shopping", "Web.Bff.Shopping", "{35B3B292-20C4-4904-91E6-662371C5E9B9}"
EndProject
Project("{9A19103F-16F7-4668-BE54-9A1E7A4F7556}") = "Catalog.API", "Services\Catalog\Catalog.API\Catalog.API.csproj", "{7BEFAFCB-F91E-49EE-BE6A-75F91DB5E539}"
EndProject
Project("{9A19103F-16F7-4668-BE54-9A1E7A4F7556}") = "Catalog.UnitTests", "Services\Catalog\Catalog.UnitTests\Catalog.UnitTests.csproj", "{425E95B6-3A04-4E1A-AF00-762D761726A6}"
EndProject
Project("{9A19103F-16F7-4668-BE54-9A1E7A4F7556}") = "Basket.API", "Services\Basket\Basket.API\Basket.API.csproj", "{247D1B9D-F374-469F-8DBC-76E9027F1CA0}"
EndProject
Project("{9A19103F-16F7-4668-BE54-9A1E7A4F7556}") = "Identity.API", "Services\Identity\Identity.API\Identity.API.csproj", "{32F090C5-B6FA-4A54-A745-28629F7CCE61}"
EndProject
Project("{9A19103F-16F7-4668-BE54-9A1E7A4F7556}") = "Ordering.API", "Services\Ordering\Ordering.API\Ordering.API.csproj", "{8FFA9FF5-6DF8-4E58-92FD-1DE450F5A54D}"
EndProject
Project("{9A19103F-16F7-4668-BE54-9A1E7A4F7556}") = "Payment.API", "Services\Payment\Payment.API\Payment.API.csproj", "{8C074355-57CD-4D3B-89F0-EBED356034D7}"
EndProject
Project("{9A19103F-16F7-4668-BE54-9A1E7A4F7556}") = "Basket.Domain", "Services\Basket\Basket.Domain\Basket.Domain.csproj", "{B7A04351-B705-40B4-A47C-85AFC13B3701}"
EndProject
Project("{9A19103F-16F7-4668-BE54-9A1E7A4F7556}") = "Catalog.Core.Domain", "Services\Catalog\Catalog.Core.Domain\Catalog.Core.Domain.csproj", "{BF031458-A334-4E6B-B435-006647685BC3}"
EndProject
Project("{9A19103F-16F7-4668-BE54-9A1E7A4F7556}") = "Catalog.Core.Application", "Services\Catalog\Catalog.Core.Application\Catalog.Core.Application.csproj", "{914F59D8-9747-4B02-8061-FD86AB47D46F}"
EndProject
Project("{9A19103F-16F7-4668-BE54-9A1E7A4F7556}") = "Catalog.Infrastructure.Persistence", "Services\Catalog\Catalog.Infrastructure.Persistence\Catalog.Infrastructure.Persistence.csproj", "{731739D3-3756-45A5-95B1-044DECD62D2D}"
EndProject
Global
	GlobalSection(SolutionConfigurationPlatforms) = preSolution
		Debug|Any CPU = Debug|Any CPU
		Release|Any CPU = Release|Any CPU
	EndGlobalSection
	GlobalSection(ProjectConfigurationPlatforms) = postSolution
		{7BEFAFCB-F91E-49EE-BE6A-75F91DB5E539}.Debug|Any CPU.ActiveCfg = Debug|Any CPU
		{7BEFAFCB-F91E-49EE-BE6A-75F91DB5E539}.Debug|Any CPU.Build.0 = Debug|Any CPU
		{7BEFAFCB-F91E-49EE-BE6A-75F91DB5E539}.Release|Any CPU.ActiveCfg = Release|Any CPU
		{7BEFAFCB-F91E-49EE-BE6A-75F91DB5E539}.Release|Any CPU.Build.0 = Release|Any CPU
		{425E95B6-3A04-4E1A-AF00-762D761726A6}.Debug|Any CPU.ActiveCfg = Debug|Any CPU
		{425E95B6-3A04-4E1A-AF00-762D761726A6}.Debug|Any CPU.Build.0 = Debug|Any CPU
		{425E95B6-3A04-4E1A-AF00-762D761726A6}.Release|Any CPU.ActiveCfg = Release|Any CPU
		{425E95B6-3A04-4E1A-AF00-762D761726A6}.Release|Any CPU.Build.0 = Release|Any CPU
		{247D1B9D-F374-469F-8DBC-76E9027F1CA0}.Debug|Any CPU.ActiveCfg = Debug|Any CPU
		{247D1B9D-F374-469F-8DBC-76E9027F1CA0}.Debug|Any CPU.Build.0 = Debug|Any CPU
		{247D1B9D-F374-469F-8DBC-76E9027F1CA0}.Release|Any CPU.ActiveCfg = Release|Any CPU
		{247D1B9D-F374-469F-8DBC-76E9027F1CA0}.Release|Any CPU.Build.0 = Release|Any CPU
		{32F090C5-B6FA-4A54-A745-28629F7CCE61}.Debug|Any CPU.ActiveCfg = Debug|Any CPU
		{32F090C5-B6FA-4A54-A745-28629F7CCE61}.Debug|Any CPU.Build.0 = Debug|Any CPU
		{32F090C5-B6FA-4A54-A745-28629F7CCE61}.Release|Any CPU.ActiveCfg = Release|Any CPU
		{32F090C5-B6FA-4A54-A745-28629F7CCE61}.Release|Any CPU.Build.0 = Release|Any CPU
		{8FFA9FF5-6DF8-4E58-92FD-1DE450F5A54D}.Debug|Any CPU.ActiveCfg = Debug|Any CPU
		{8FFA9FF5-6DF8-4E58-92FD-1DE450F5A54D}.Debug|Any CPU.Build.0 = Debug|Any CPU
		{8FFA9FF5-6DF8-4E58-92FD-1DE450F5A54D}.Release|Any CPU.ActiveCfg = Release|Any CPU
		{8FFA9FF5-6DF8-4E58-92FD-1DE450F5A54D}.Release|Any CPU.Build.0 = Release|Any CPU
		{8C074355-57CD-4D3B-89F0-EBED356034D7}.Debug|Any CPU.ActiveCfg = Debug|Any CPU
		{8C074355-57CD-4D3B-89F0-EBED356034D7}.Debug|Any CPU.Build.0 = Debug|Any CPU
		{8C074355-57CD-4D3B-89F0-EBED356034D7}.Release|Any CPU.ActiveCfg = Release|Any CPU
		{8C074355-57CD-4D3B-89F0-EBED356034D7}.Release|Any CPU.Build.0 = Release|Any CPU
		{B7A04351-B705-40B4-A47C-85AFC13B3701}.Debug|Any CPU.ActiveCfg = Debug|Any CPU
		{B7A04351-B705-40B4-A47C-85AFC13B3701}.Debug|Any CPU.Build.0 = Debug|Any CPU
		{B7A04351-B705-40B4-A47C-85AFC13B3701}.Release|Any CPU.ActiveCfg = Release|Any CPU
		{B7A04351-B705-40B4-A47C-85AFC13B3701}.Release|Any CPU.Build.0 = Release|Any CPU
		{BF031458-A334-4E6B-B435-006647685BC3}.Debug|Any CPU.ActiveCfg = Debug|Any CPU
		{BF031458-A334-4E6B-B435-006647685BC3}.Debug|Any CPU.Build.0 = Debug|Any CPU
		{BF031458-A334-4E6B-B435-006647685BC3}.Release|Any CPU.ActiveCfg = Release|Any CPU
		{BF031458-A334-4E6B-B435-006647685BC3}.Release|Any CPU.Build.0 = Release|Any CPU
		{914F59D8-9747-4B02-8061-FD86AB47D46F}.Debug|Any CPU.ActiveCfg = Debug|Any CPU
		{914F59D8-9747-4B02-8061-FD86AB47D46F}.Debug|Any CPU.Build.0 = Debug|Any CPU
		{914F59D8-9747-4B02-8061-FD86AB47D46F}.Release|Any CPU.ActiveCfg = Release|Any CPU
		{914F59D8-9747-4B02-8061-FD86AB47D46F}.Release|Any CPU.Build.0 = Release|Any CPU
		{731739D3-3756-45A5-95B1-044DECD62D2D}.Debug|Any CPU.ActiveCfg = Debug|Any CPU
		{731739D3-3756-45A5-95B1-044DECD62D2D}.Debug|Any CPU.Build.0 = Debug|Any CPU
		{731739D3-3756-45A5-95B1-044DECD62D2D}.Release|Any CPU.ActiveCfg = Release|Any CPU
		{731739D3-3756-45A5-95B1-044DECD62D2D}.Release|Any CPU.Build.0 = Release|Any CPU
	EndGlobalSection
	GlobalSection(SolutionProperties) = preSolution
		HideSolutionNode = FALSE
	EndGlobalSection
	GlobalSection(NestedProjects) = preSolution
		{A5570C95-93D1-441F-B9D4-858227C29CC6} = {EF8A8A4A-FFC3-489A-89B2-A82BF6799477}
		{60F3ACDD-B7FD-4637-833C-C6530F38471C} = {EF8A8A4A-FFC3-489A-89B2-A82BF6799477}
		{007A8F2C-D8E4-4A87-BA29-920980213F42} = {EF8A8A4A-FFC3-489A-89B2-A82BF6799477}
		{62D0760E-789C-40B7-AA4C-E5514150D8B3} = {EF8A8A4A-FFC3-489A-89B2-A82BF6799477}
		{BF2CC37F-C4E3-49A2-867E-B035EEB3A5D7} = {EF8A8A4A-FFC3-489A-89B2-A82BF6799477}
		{22C526ED-CC31-4F3C-B112-31B165D61AA5} = {9178F07E-AD78-4935-BEB7-7B19921C6BD3}
		{C4995532-7106-4E34-9E4B-FA8C6B7852CD} = {31ECCBAC-B98C-4A48-AD5D-781B6C73B056}
		{35B3B292-20C4-4904-91E6-662371C5E9B9} = {4CBEA86A-9995-439D-B321-4EF0073EF585}
		{7BEFAFCB-F91E-49EE-BE6A-75F91DB5E539} = {A5570C95-93D1-441F-B9D4-858227C29CC6}
		{425E95B6-3A04-4E1A-AF00-762D761726A6} = {A5570C95-93D1-441F-B9D4-858227C29CC6}
		{247D1B9D-F374-469F-8DBC-76E9027F1CA0} = {60F3ACDD-B7FD-4637-833C-C6530F38471C}
		{32F090C5-B6FA-4A54-A745-28629F7CCE61} = {62D0760E-789C-40B7-AA4C-E5514150D8B3}
		{8FFA9FF5-6DF8-4E58-92FD-1DE450F5A54D} = {007A8F2C-D8E4-4A87-BA29-920980213F42}
		{8C074355-57CD-4D3B-89F0-EBED356034D7} = {BF2CC37F-C4E3-49A2-867E-B035EEB3A5D7}
		{B7A04351-B705-40B4-A47C-85AFC13B3701} = {60F3ACDD-B7FD-4637-833C-C6530F38471C}
		{BF031458-A334-4E6B-B435-006647685BC3} = {A5570C95-93D1-441F-B9D4-858227C29CC6}
		{914F59D8-9747-4B02-8061-FD86AB47D46F} = {A5570C95-93D1-441F-B9D4-858227C29CC6}
		{731739D3-3756-45A5-95B1-044DECD62D2D} = {A5570C95-93D1-441F-B9D4-858227C29CC6}
	EndGlobalSection
	GlobalSection(ExtensibilityGlobals) = postSolution
		SolutionGuid = {62A3ADED-4E4B-43E8-AB67-B1AAA1C8B3DD}
	EndGlobalSection
EndGlobal
